<?xml version="1.0" encoding="utf-8"?>
<Project ToolsVersion="4.0" xmlns="http://schemas.microsoft.com/developer/msbuild/2003">
  <ItemGroup>
    <Filter Include="Source Files">
      <UniqueIdentifier>{4FC737F1-C7A5-4376-A066-2A32D752A2FF}</UniqueIdentifier>
      <Extensions>cpp;c;cc;cxx;def;odl;idl;hpj;bat;asm;asmx</Extensions>
    </Filter>
    <Filter Include="Header Files">
      <UniqueIdentifier>{93995380-89BD-4b04-88EB-625FBE52EBFB}</UniqueIdentifier>
      <Extensions>h;hpp;hxx;hm;inl;inc;xsd</Extensions>
    </Filter>
    <Filter Include="Resource Files">
      <UniqueIdentifier>{67DA6AB6-F800-4c08-8B7A-83BB121AAD01}</UniqueIdentifier>
      <Extensions>rc;ico;cur;bmp;dlg;rc2;rct;bin;rgs;gif;jpg;jpeg;jpe;resx;tiff;tif;png;wav;mfcribbon-ms</Extensions>
    </Filter>
  </ItemGroup>
  <ItemGroup>
    <None Include="ReadMe.txt" />
    <None Include="app.ico">
      <Filter>Resource Files</Filter>
    </None>
  </ItemGroup>
  <ItemGroup>
    <ClCompile Include="Algoritmos II v.1.cpp">
      <Filter>Source Files</Filter>
    </ClCompile>
    <ClCompile Include="AssemblyInfo.cpp">
      <Filter>Source Files</Filter>
    </ClCompile>
    <ClCompile Include="stdafx.cpp">
      <Filter>Source Files</Filter>
    </ClCompile>
    <ClCompile Include="EntradaSalida.cpp">
      <Filter>Source Files</Filter>
    </ClCompile>
    <ClCompile Include="RegistroUsuario.cpp">
      <Filter>Source Files</Filter>
    </ClCompile>
    <ClCompile Include="ComprarTickets.cpp">
      <Filter>Source Files</Filter>
    </ClCompile>
    <ClCompile Include="MostrarInfo.cpp">
      <Filter>Source Files</Filter>
    </ClCompile>
    <ClCompile Include="PERSONA.cpp">
      <Filter>Source Files</Filter>
    </ClCompile>
    <ClCompile Include="ADMINISTRATIVO.cpp">
      <Filter>Source Files</Filter>
    </ClCompile>
    <ClCompile Include="DIMENSIONES.cpp">
      <Filter>Source Files</Filter>
    </ClCompile>
    <ClCompile Include="DOCENTE.cpp">
      <Filter>Source Files</Filter>
    </ClCompile>
    <ClCompile Include="ESTACIONAMIENTO.cpp">
      <Filter>Source Files</Filter>
    </ClCompile>
    <ClCompile Include="FECHA.cpp">
      <Filter>Source Files</Filter>
    </ClCompile>
    <ClCompile Include="UENTA.cpp">
      <Filter>Source Files</Filter>
    </ClCompile>
    <ClCompile Include="ESTUDIANTE.cpp">
      <Filter>Source Files</Filter>
    </ClCompile>
    <ClCompile Include="EXTERNO.cpp">
      <Filter>Source Files</Filter>
    </ClCompile>
    <ClCompile Include="TRANSACCION.cpp">
      <Filter>Source Files</Filter>
    </ClCompile>
    <ClCompile Include="TARJETA.cpp">
      <Filter>Source Files</Filter>
    </ClCompile>
    <ClCompile Include="PUESTO.cpp">
      <Filter>Source Files</Filter>
    </ClCompile>
    <ClCompile Include="PUESTOESTACIONAMIENTO.cpp">
      <Filter>Source Files</Filter>
    </ClCompile>
    <ClCompile Include="ARREGLO.cpp">
      <Filter>Source Files</Filter>
    </ClCompile>
    <ClCompile Include="USOPARQUEO.cpp">
      <Filter>Source Files</Filter>
    </ClCompile>
    <ClCompile Include="INTERFAZ.cpp">
      <Filter>Source Files</Filter>
    </ClCompile>
    <ClCompile Include="APLICACION.cpp">
      <Filter>Source Files</Filter>
    </ClCompile>
  </ItemGroup>
  <ItemGroup>
    <ClInclude Include="Form1.h">
      <Filter>Header Files</Filter>
    </ClInclude>
    <ClInclude Include="stdafx.h">
      <Filter>Header Files</Filter>
    </ClInclude>
    <ClInclude Include="resource.h">
      <Filter>Header Files</Filter>
    </ClInclude>
    <ClInclude Include="EntradaSalida.h">
      <Filter>Header Files</Filter>
    </ClInclude>
    <ClInclude Include="RegistroUsuario.h">
      <Filter>Header Files</Filter>
    </ClInclude>
    <ClInclude Include="ComprarTickets.h">
      <Filter>Header Files</Filter>
    </ClInclude>
    <ClInclude Include="MostrarInfo.h">
      <Filter>Header Files</Filter>
    </ClInclude>
    <ClInclude Include="PERSONA.h">
      <Filter>Header Files</Filter>
    </ClInclude>
    <ClInclude Include="ADMINISTRATIVO.h">
      <Filter>Header Files</Filter>
    </ClInclude>
    <ClInclude Include="DIMENSIONES.h">
      <Filter>Header Files</Filter>
    </ClInclude>
    <ClInclude Include="DOCENTE.h">
      <Filter>Header Files</Filter>
    </ClInclude>
    <ClInclude Include="ESTACIONAMIENTO.h">
      <Filter>Header Files</Filter>
    </ClInclude>
    <ClInclude Include="FECHA.h">
      <Filter>Header Files</Filter>
    </ClInclude>
    <ClInclude Include="UENTA.h">
      <Filter>Header Files</Filter>
    </ClInclude>
    <ClInclude Include="ESTUDIANTE.h">
      <Filter>Header Files</Filter>
    </ClInclude>
    <ClInclude Include="EXTERNO.h">
      <Filter>Header Files</Filter>
    </ClInclude>
    <ClInclude Include="TRANSACCION.h">
      <Filter>Header Files</Filter>
    </ClInclude>
    <ClInclude Include="TARJETA.h">
      <Filter>Header Files</Filter>
    </ClInclude>
    <ClInclude Include="PUESTO.h">
      <Filter>Header Files</Filter>
    </ClInclude>
    <ClInclude Include="PUESTOESTACIONAMIENTO.h">
      <Filter>Header Files</Filter>
    </ClInclude>
    <ClInclude Include="ARREGLO.h">
      <Filter>Header Files</Filter>
    </ClInclude>
    <ClInclude Include="USOPARQUEO.h">
      <Filter>Header Files</Filter>
    </ClInclude>
    <ClInclude Include="INTERFAZ.h">
      <Filter>Header Files</Filter>
    </ClInclude>
    <ClInclude Include="APLICACION.h">
      <Filter>Header Files</Filter>
    </ClInclude>
  </ItemGroup>
  <ItemGroup>
    <ResourceCompile Include="app.rc">
      <Filter>Resource Files</Filter>
    </ResourceCompile>
  </ItemGroup>
  <ItemGroup>
    <EmbeddedResource Include="ComprarTickets.resx">
      <Filter>Resource Files</Filter>
    </EmbeddedResource>
    <EmbeddedResource Include="EntradaSalida.resx">
      <Filter>Resource Files</Filter>
    </EmbeddedResource>
    <EmbeddedResource Include="Form1.resX">
      <Filter>Resource Files</Filter>
    </EmbeddedResource>
    <EmbeddedResource Include="MostrarInfo.resx">
      <Filter>Resource Files</Filter>
    </EmbeddedResource>
    <EmbeddedResource Include="RegistroUsuario.resx">
      <Filter>Resource Files</Filter>
    </EmbeddedResource>
  </ItemGroup>
</Project>